
Microsoft Visual Studio Solution File, Format Version 12.00
# Visual Studio Version 16
VisualStudioVersion = 16.0.31005.135
MinimumVisualStudioVersion = 10.0.40219.1
Project("{FAE04EC0-301F-11D3-BF4B-00C04F79EFBC}") = "DemoAPI", "DemoAPI\DemoAPI.csproj", "{52850DA3-7A4C-4E63-AE93-D60C69B216D2}"
EndProject
Project("{FAE04EC0-301F-11D3-BF4B-00C04F79EFBC}") = "Lib", "Lib\Lib.csproj", "{38FA7347-D916-4742-A62F-E5309068C3CC}"
EndProject
Global
	GlobalSection(SolutionConfigurationPlatforms) = preSolution
		Debug|Any CPU = Debug|Any CPU
		Release|Any CPU = Release|Any CPU
	EndGlobalSection
	GlobalSection(ProjectConfigurationPlatforms) = postSolution
		{52850DA3-7A4C-4E63-AE93-D60C69B216D2}.Debug|Any CPU.ActiveCfg = Debug|Any CPU
		{52850DA3-7A4C-4E63-AE93-D60C69B216D2}.Debug|Any CPU.Build.0 = Debug|Any CPU
		{52850DA3-7A4C-4E63-AE93-D60C69B216D2}.Release|Any CPU.ActiveCfg = Release|Any CPU
		{52850DA3-7A4C-4E63-AE93-D60C69B216D2}.Release|Any CPU.Build.0 = Release|Any CPU
		{38FA7347-D916-4742-A62F-E5309068C3CC}.Debug|Any CPU.ActiveCfg = Debug|Any CPU
		{38FA7347-D916-4742-A62F-E5309068C3CC}.Debug|Any CPU.Build.0 = Debug|Any CPU
		{38FA7347-D916-4742-A62F-E5309068C3CC}.Release|Any CPU.ActiveCfg = Release|Any CPU
		{38FA7347-D916-4742-A62F-E5309068C3CC}.Release|Any CPU.Build.0 = Release|Any CPU
	EndGlobalSection
	GlobalSection(SolutionProperties) = preSolution
		HideSolutionNode = FALSE
	EndGlobalSection
	GlobalSection(ExtensibilityGlobals) = postSolution
		SolutionGuid = {0F49F674-6B19-4287-8404-6205833923D7}
	EndGlobalSection
EndGlobal
